# This file is automatically @generated by Cargo.
# It is not intended for manual editing.
version = 3

[[package]]
name = "lymui"
version = "0.1.0"
source = "git+https://github.com/shigedangao/lymui#52ad0918323066ecd3fc3972444fe5954a5b3f5d"

[[package]]
name = "lymui-c"
version = "0.1.0"
dependencies = [
 "lymui",
]
